<Solution>
  <Project Path="BaiTapWindowsForm (Phan Khanh Sinh)/BaiTapWindowsForm - Bai 1 (Phan Khanh Sinh).csproj" Id="7ab2c2e3-316b-4b46-943c-8013ed6b8cd1" />
  <Project Path="BaiTapWindowsForm - Bai 2  (Phan Khanh Sinh)/BaiTapWindowsForm - Bai 2 (Phan Khanh Sinh).csproj" Id="2c503c4f-341b-4350-966a-480c02f8292c" />
</Solution>
